
Microsoft Visual Studio Solution File, Format Version 12.00
# Visual Studio Version 16
VisualStudioVersion = 16.0.31205.134
MinimumVisualStudioVersion = 10.0.40219.1
Project("{2150E333-8FDC-42A3-9474-1A3956D46DE8}") = "01-Presentation", "01-Presentation", "{159B4FE6-F661-444C-B962-A29FF5D120A1}"
EndProject
Project("{2150E333-8FDC-42A3-9474-1A3956D46DE8}") = "02-Application", "02-Application", "{C275D8AF-E358-4C67-84FB-142DF726CFA1}"
EndProject
Project("{2150E333-8FDC-42A3-9474-1A3956D46DE8}") = "03-Domain", "03-Domain", "{387FA458-A7FA-48E5-8A6E-5C15A6A53097}"
EndProject
Project("{2150E333-8FDC-42A3-9474-1A3956D46DE8}") = "04-Infrastructure", "04-Infrastructure", "{4EE44CAD-4EF4-467B-A015-E0571A94FB79}"
EndProject
Project("{2150E333-8FDC-42A3-9474-1A3956D46DE8}") = "05-Service", "05-Service", "{32CB6256-C4F8-4B86-A0C8-F338F3563FDE}"
EndProject
Project("{9A19103F-16F7-4668-BE54-9A1E7A4F7556}") = "SCSS.WebApi", "SCSS.WebApi\SCSS.WebApi.csproj", "{B4F98AF3-36D6-4C7F-BD16-7B997F90121C}"
EndProject
Project("{9A19103F-16F7-4668-BE54-9A1E7A4F7556}") = "SCSS.Data", "SCSS.Data\SCSS.Data.csproj", "{1094B73A-D1C3-4EB2-9002-FB67FC6905E0}"
EndProject
Project("{9A19103F-16F7-4668-BE54-9A1E7A4F7556}") = "SCSS.Data.EF", "SCSS.Data.EF\SCSS.Data.EF.csproj", "{7ABFBBF7-D2FC-4F7E-A866-D389B0E5B815}"
EndProject
Project("{9A19103F-16F7-4668-BE54-9A1E7A4F7556}") = "SCSS.Utilities", "SCSS.Utilities\SCSS.Utilities.csproj", "{55D47050-F753-4B9F-897B-44547E1EB438}"
EndProject
Project("{9A19103F-16F7-4668-BE54-9A1E7A4F7556}") = "SCSS.ORM.Dapper", "SCSS.ORM.Dapper\SCSS.ORM.Dapper.csproj", "{CD2A18F9-8585-46A7-AF39-C71E96C8AD29}"
EndProject
Project("{9A19103F-16F7-4668-BE54-9A1E7A4F7556}") = "SCSS.Validations", "SCSS.Validations\SCSS.Validations.csproj", "{450A51E4-5AF7-422D-8F81-24176604C950}"
EndProject
Project("{9A19103F-16F7-4668-BE54-9A1E7A4F7556}") = "SCSS.Application.ScrapCollector", "SCSS.Application.ScrapCollector\SCSS.Application.ScrapCollector.csproj", "{754F9A26-1EC4-4DAD-B7B5-99297234D465}"
EndProject
Project("{9A19103F-16F7-4668-BE54-9A1E7A4F7556}") = "SCSS.Application.ScrapDealer", "SCSS.Application.ScrapDealer\SCSS.Application.ScrapDealer.csproj", "{9B26CCC6-62D7-48B3-AA18-063B54115952}"
EndProject
Project("{9A19103F-16F7-4668-BE54-9A1E7A4F7556}") = "SCSS.Application.ScrapSeller", "SCSS.Application.ScrapSeller\SCSS.Application.ScrapSeller.csproj", "{1B1758D7-3D5D-4FEC-8C52-231B98086B78}"
EndProject
Project("{9A19103F-16F7-4668-BE54-9A1E7A4F7556}") = "SCSS.Application.Admin", "SCSS.Application.Admin\SCSS.Application.Admin.csproj", "{6309C897-2EF7-4CCD-B7BC-B6DE50FB7123}"
EndProject
Project("{9A19103F-16F7-4668-BE54-9A1E7A4F7556}") = "SCSS.FirebaseService", "SCSS.FirebaseService\SCSS.FirebaseService.csproj", "{481FC752-F907-4B36-B34D-EBBB88420D80}"
EndProject
Project("{9A19103F-16F7-4668-BE54-9A1E7A4F7556}") = "SCSS.AWSService", "SCSS.AWSService\SCSS.AWSService.csproj", "{2D97721E-15F1-4E44-A20F-C2E5EDB80C83}"
EndProject
Project("{9A19103F-16F7-4668-BE54-9A1E7A4F7556}") = "SCSS.TwilioService", "SCSS.TwilioService\SCSS.TwilioService.csproj", "{5ED1CB2D-2AB3-4157-9810-B8F5E12C2747}"
EndProject
Project("{9A19103F-16F7-4668-BE54-9A1E7A4F7556}") = "SCSS.MapService", "SCSS.MapService\SCSS.MapService.csproj", "{F4EA2141-4533-4215-A854-4FA724862916}"
EndProject
Project("{FAE04EC0-301F-11D3-BF4B-00C04F79EFBC}") = "SCSS.QueueEngine", "SCSS.QueueEngine\SCSS.QueueEngine.csproj", "{9AD3ECAC-EF46-48EB-B029-106131607A4E}"
EndProject
Global
	GlobalSection(SolutionConfigurationPlatforms) = preSolution
		Debug|Any CPU = Debug|Any CPU
		Release|Any CPU = Release|Any CPU
	EndGlobalSection
	GlobalSection(ProjectConfigurationPlatforms) = postSolution
		{B4F98AF3-36D6-4C7F-BD16-7B997F90121C}.Debug|Any CPU.ActiveCfg = Debug|Any CPU
		{B4F98AF3-36D6-4C7F-BD16-7B997F90121C}.Debug|Any CPU.Build.0 = Debug|Any CPU
		{B4F98AF3-36D6-4C7F-BD16-7B997F90121C}.Release|Any CPU.ActiveCfg = Release|Any CPU
		{B4F98AF3-36D6-4C7F-BD16-7B997F90121C}.Release|Any CPU.Build.0 = Release|Any CPU
		{1094B73A-D1C3-4EB2-9002-FB67FC6905E0}.Debug|Any CPU.ActiveCfg = Debug|Any CPU
		{1094B73A-D1C3-4EB2-9002-FB67FC6905E0}.Debug|Any CPU.Build.0 = Debug|Any CPU
		{1094B73A-D1C3-4EB2-9002-FB67FC6905E0}.Release|Any CPU.ActiveCfg = Release|Any CPU
		{1094B73A-D1C3-4EB2-9002-FB67FC6905E0}.Release|Any CPU.Build.0 = Release|Any CPU
		{7ABFBBF7-D2FC-4F7E-A866-D389B0E5B815}.Debug|Any CPU.ActiveCfg = Debug|Any CPU
		{7ABFBBF7-D2FC-4F7E-A866-D389B0E5B815}.Debug|Any CPU.Build.0 = Debug|Any CPU
		{7ABFBBF7-D2FC-4F7E-A866-D389B0E5B815}.Release|Any CPU.ActiveCfg = Release|Any CPU
		{7ABFBBF7-D2FC-4F7E-A866-D389B0E5B815}.Release|Any CPU.Build.0 = Release|Any CPU
		{55D47050-F753-4B9F-897B-44547E1EB438}.Debug|Any CPU.ActiveCfg = Debug|Any CPU
		{55D47050-F753-4B9F-897B-44547E1EB438}.Debug|Any CPU.Build.0 = Debug|Any CPU
		{55D47050-F753-4B9F-897B-44547E1EB438}.Release|Any CPU.ActiveCfg = Release|Any CPU
		{55D47050-F753-4B9F-897B-44547E1EB438}.Release|Any CPU.Build.0 = Release|Any CPU
		{CD2A18F9-8585-46A7-AF39-C71E96C8AD29}.Debug|Any CPU.ActiveCfg = Debug|Any CPU
		{CD2A18F9-8585-46A7-AF39-C71E96C8AD29}.Debug|Any CPU.Build.0 = Debug|Any CPU
		{CD2A18F9-8585-46A7-AF39-C71E96C8AD29}.Release|Any CPU.ActiveCfg = Release|Any CPU
		{CD2A18F9-8585-46A7-AF39-C71E96C8AD29}.Release|Any CPU.Build.0 = Release|Any CPU
		{450A51E4-5AF7-422D-8F81-24176604C950}.Debug|Any CPU.ActiveCfg = Debug|Any CPU
		{450A51E4-5AF7-422D-8F81-24176604C950}.Debug|Any CPU.Build.0 = Debug|Any CPU
		{450A51E4-5AF7-422D-8F81-24176604C950}.Release|Any CPU.ActiveCfg = Release|Any CPU
		{450A51E4-5AF7-422D-8F81-24176604C950}.Release|Any CPU.Build.0 = Release|Any CPU
		{754F9A26-1EC4-4DAD-B7B5-99297234D465}.Debug|Any CPU.ActiveCfg = Debug|Any CPU
		{754F9A26-1EC4-4DAD-B7B5-99297234D465}.Debug|Any CPU.Build.0 = Debug|Any CPU
		{754F9A26-1EC4-4DAD-B7B5-99297234D465}.Release|Any CPU.ActiveCfg = Release|Any CPU
		{754F9A26-1EC4-4DAD-B7B5-99297234D465}.Release|Any CPU.Build.0 = Release|Any CPU
		{9B26CCC6-62D7-48B3-AA18-063B54115952}.Debug|Any CPU.ActiveCfg = Debug|Any CPU
		{9B26CCC6-62D7-48B3-AA18-063B54115952}.Debug|Any CPU.Build.0 = Debug|Any CPU
		{9B26CCC6-62D7-48B3-AA18-063B54115952}.Release|Any CPU.ActiveCfg = Release|Any CPU
		{9B26CCC6-62D7-48B3-AA18-063B54115952}.Release|Any CPU.Build.0 = Release|Any CPU
		{1B1758D7-3D5D-4FEC-8C52-231B98086B78}.Debug|Any CPU.ActiveCfg = Debug|Any CPU
		{1B1758D7-3D5D-4FEC-8C52-231B98086B78}.Debug|Any CPU.Build.0 = Debug|Any CPU
		{1B1758D7-3D5D-4FEC-8C52-231B98086B78}.Release|Any CPU.ActiveCfg = Release|Any CPU
		{1B1758D7-3D5D-4FEC-8C52-231B98086B78}.Release|Any CPU.Build.0 = Release|Any CPU
		{6309C897-2EF7-4CCD-B7BC-B6DE50FB7123}.Debug|Any CPU.ActiveCfg = Debug|Any CPU
		{6309C897-2EF7-4CCD-B7BC-B6DE50FB7123}.Debug|Any CPU.Build.0 = Debug|Any CPU
		{6309C897-2EF7-4CCD-B7BC-B6DE50FB7123}.Release|Any CPU.ActiveCfg = Release|Any CPU
		{6309C897-2EF7-4CCD-B7BC-B6DE50FB7123}.Release|Any CPU.Build.0 = Release|Any CPU
		{481FC752-F907-4B36-B34D-EBBB88420D80}.Debug|Any CPU.ActiveCfg = Debug|Any CPU
		{481FC752-F907-4B36-B34D-EBBB88420D80}.Debug|Any CPU.Build.0 = Debug|Any CPU
		{481FC752-F907-4B36-B34D-EBBB88420D80}.Release|Any CPU.ActiveCfg = Release|Any CPU
		{481FC752-F907-4B36-B34D-EBBB88420D80}.Release|Any CPU.Build.0 = Release|Any CPU
		{2D97721E-15F1-4E44-A20F-C2E5EDB80C83}.Debug|Any CPU.ActiveCfg = Debug|Any CPU
		{2D97721E-15F1-4E44-A20F-C2E5EDB80C83}.Debug|Any CPU.Build.0 = Debug|Any CPU
		{2D97721E-15F1-4E44-A20F-C2E5EDB80C83}.Release|Any CPU.ActiveCfg = Release|Any CPU
		{2D97721E-15F1-4E44-A20F-C2E5EDB80C83}.Release|Any CPU.Build.0 = Release|Any CPU
		{5ED1CB2D-2AB3-4157-9810-B8F5E12C2747}.Debug|Any CPU.ActiveCfg = Debug|Any CPU
		{5ED1CB2D-2AB3-4157-9810-B8F5E12C2747}.Debug|Any CPU.Build.0 = Debug|Any CPU
		{5ED1CB2D-2AB3-4157-9810-B8F5E12C2747}.Release|Any CPU.ActiveCfg = Release|Any CPU
		{5ED1CB2D-2AB3-4157-9810-B8F5E12C2747}.Release|Any CPU.Build.0 = Release|Any CPU
		{F4EA2141-4533-4215-A854-4FA724862916}.Debug|Any CPU.ActiveCfg = Debug|Any CPU
		{F4EA2141-4533-4215-A854-4FA724862916}.Debug|Any CPU.Build.0 = Debug|Any CPU
		{F4EA2141-4533-4215-A854-4FA724862916}.Release|Any CPU.ActiveCfg = Release|Any CPU
		{F4EA2141-4533-4215-A854-4FA724862916}.Release|Any CPU.Build.0 = Release|Any CPU
		{9AD3ECAC-EF46-48EB-B029-106131607A4E}.Debug|Any CPU.ActiveCfg = Debug|Any CPU
		{9AD3ECAC-EF46-48EB-B029-106131607A4E}.Debug|Any CPU.Build.0 = Debug|Any CPU
		{9AD3ECAC-EF46-48EB-B029-106131607A4E}.Release|Any CPU.ActiveCfg = Release|Any CPU
		{9AD3ECAC-EF46-48EB-B029-106131607A4E}.Release|Any CPU.Build.0 = Release|Any CPU
	EndGlobalSection
	GlobalSection(SolutionProperties) = preSolution
		HideSolutionNode = FALSE
	EndGlobalSection
	GlobalSection(NestedProjects) = preSolution
		{B4F98AF3-36D6-4C7F-BD16-7B997F90121C} = {159B4FE6-F661-444C-B962-A29FF5D120A1}
		{1094B73A-D1C3-4EB2-9002-FB67FC6905E0} = {387FA458-A7FA-48E5-8A6E-5C15A6A53097}
		{7ABFBBF7-D2FC-4F7E-A866-D389B0E5B815} = {387FA458-A7FA-48E5-8A6E-5C15A6A53097}
		{55D47050-F753-4B9F-897B-44547E1EB438} = {4EE44CAD-4EF4-467B-A015-E0571A94FB79}
		{CD2A18F9-8585-46A7-AF39-C71E96C8AD29} = {4EE44CAD-4EF4-467B-A015-E0571A94FB79}
		{450A51E4-5AF7-422D-8F81-24176604C950} = {4EE44CAD-4EF4-467B-A015-E0571A94FB79}
		{754F9A26-1EC4-4DAD-B7B5-99297234D465} = {C275D8AF-E358-4C67-84FB-142DF726CFA1}
		{9B26CCC6-62D7-48B3-AA18-063B54115952} = {C275D8AF-E358-4C67-84FB-142DF726CFA1}
		{1B1758D7-3D5D-4FEC-8C52-231B98086B78} = {C275D8AF-E358-4C67-84FB-142DF726CFA1}
		{6309C897-2EF7-4CCD-B7BC-B6DE50FB7123} = {C275D8AF-E358-4C67-84FB-142DF726CFA1}
		{481FC752-F907-4B36-B34D-EBBB88420D80} = {32CB6256-C4F8-4B86-A0C8-F338F3563FDE}
		{2D97721E-15F1-4E44-A20F-C2E5EDB80C83} = {32CB6256-C4F8-4B86-A0C8-F338F3563FDE}
		{5ED1CB2D-2AB3-4157-9810-B8F5E12C2747} = {32CB6256-C4F8-4B86-A0C8-F338F3563FDE}
		{F4EA2141-4533-4215-A854-4FA724862916} = {32CB6256-C4F8-4B86-A0C8-F338F3563FDE}
		{9AD3ECAC-EF46-48EB-B029-106131607A4E} = {4EE44CAD-4EF4-467B-A015-E0571A94FB79}
	EndGlobalSection
	GlobalSection(ExtensibilityGlobals) = postSolution
		SolutionGuid = {6634B941-55AC-4C95-ABBA-F49B97A79E9A}
	EndGlobalSection
EndGlobal
